
Microsoft Visual Studio Solution File, Format Version 12.00
# Visual Studio Version 16
VisualStudioVersion = 16.0.29424.173
MinimumVisualStudioVersion = 10.0.40219.1
Project("{9A19103F-16F7-4668-BE54-9A1E7A4F7556}") = "Forum_v1", "Forum_v1\Forum_v1.csproj", "{FF609F82-EB80-4433-927E-ACA9CBC7A792}"
EndProject
Project("{9A19103F-16F7-4668-BE54-9A1E7A4F7556}") = "Repository", "Repository\Repository.csproj", "{1642E38D-A69C-40D2-8CD4-41466F31D052}"
EndProject
Project("{9A19103F-16F7-4668-BE54-9A1E7A4F7556}") = "Forum.API", "Forum.API\Forum.API.csproj", "{2879EA25-B104-4266-99EA-9AE9DD1378D3}"
EndProject
Project("{9A19103F-16F7-4668-BE54-9A1E7A4F7556}") = "ForumAPI_with_Angular_v2", "ForumAPI_with_Angular_v2\ForumAPI_with_Angular_v2.csproj", "{D23AEA90-065F-4734-AB59-281867789069}"
EndProject
Global
	GlobalSection(SolutionConfigurationPlatforms) = preSolution
		Debug|Any CPU = Debug|Any CPU
		Release|Any CPU = Release|Any CPU
	EndGlobalSection
	GlobalSection(ProjectConfigurationPlatforms) = postSolution
		{FF609F82-EB80-4433-927E-ACA9CBC7A792}.Debug|Any CPU.ActiveCfg = Debug|Any CPU
		{FF609F82-EB80-4433-927E-ACA9CBC7A792}.Debug|Any CPU.Build.0 = Debug|Any CPU
		{FF609F82-EB80-4433-927E-ACA9CBC7A792}.Release|Any CPU.ActiveCfg = Release|Any CPU
		{FF609F82-EB80-4433-927E-ACA9CBC7A792}.Release|Any CPU.Build.0 = Release|Any CPU
		{1642E38D-A69C-40D2-8CD4-41466F31D052}.Debug|Any CPU.ActiveCfg = Debug|Any CPU
		{1642E38D-A69C-40D2-8CD4-41466F31D052}.Debug|Any CPU.Build.0 = Debug|Any CPU
		{1642E38D-A69C-40D2-8CD4-41466F31D052}.Release|Any CPU.ActiveCfg = Release|Any CPU
		{1642E38D-A69C-40D2-8CD4-41466F31D052}.Release|Any CPU.Build.0 = Release|Any CPU
		{2879EA25-B104-4266-99EA-9AE9DD1378D3}.Debug|Any CPU.ActiveCfg = Debug|Any CPU
		{2879EA25-B104-4266-99EA-9AE9DD1378D3}.Debug|Any CPU.Build.0 = Debug|Any CPU
		{2879EA25-B104-4266-99EA-9AE9DD1378D3}.Release|Any CPU.ActiveCfg = Release|Any CPU
		{2879EA25-B104-4266-99EA-9AE9DD1378D3}.Release|Any CPU.Build.0 = Release|Any CPU
		{D23AEA90-065F-4734-AB59-281867789069}.Debug|Any CPU.ActiveCfg = Debug|Any CPU
		{D23AEA90-065F-4734-AB59-281867789069}.Debug|Any CPU.Build.0 = Debug|Any CPU
		{D23AEA90-065F-4734-AB59-281867789069}.Release|Any CPU.ActiveCfg = Release|Any CPU
		{D23AEA90-065F-4734-AB59-281867789069}.Release|Any CPU.Build.0 = Release|Any CPU
	EndGlobalSection
	GlobalSection(SolutionProperties) = preSolution
		HideSolutionNode = FALSE
	EndGlobalSection
	GlobalSection(ExtensibilityGlobals) = postSolution
		SolutionGuid = {EEDD5B75-33B1-4918-B79A-29760AF2DAAC}
	EndGlobalSection
EndGlobal
